
Terraform used the selected providers to generate the following execution
plan. Resource actions are indicated with the following symbols:
  [32m+[0m create[0m

Terraform will perform the following actions:

[1m  # proxmox_vm_qemu.kube_node1[0][0m will be created
[0m  [32m+[0m[0m resource "proxmox_vm_qemu" "kube_node1" {
      [32m+[0m[0m additional_wait           = 5
      [32m+[0m[0m agent                     = 1
      [32m+[0m[0m automatic_reboot          = true
      [32m+[0m[0m balloon                   = 0
      [32m+[0m[0m bios                      = "seabios"
      [32m+[0m[0m boot                      = (known after apply)
      [32m+[0m[0m bootdisk                  = "scsi0"
      [32m+[0m[0m clone                     = "ubuntu-cloud-1"
      [32m+[0m[0m clone_wait                = 10
      [32m+[0m[0m cores                     = 4
      [32m+[0m[0m cpu                       = "host"
      [32m+[0m[0m default_ipv4_address      = (known after apply)
      [32m+[0m[0m define_connection_info    = true
      [32m+[0m[0m force_create              = false
      [32m+[0m[0m full_clone                = true
      [32m+[0m[0m guest_agent_ready_timeout = 100
      [32m+[0m[0m hotplug                   = "network,disk,usb"
      [32m+[0m[0m id                        = (known after apply)
      [32m+[0m[0m ipconfig0                 = "ip=192.168.12.111/16,gw=192.168.10.1"
      [32m+[0m[0m kvm                       = true
      [32m+[0m[0m memory                    = 4096
      [32m+[0m[0m name                      = "kube-node-1"
      [32m+[0m[0m nameserver                = (known after apply)
      [32m+[0m[0m onboot                    = false
      [32m+[0m[0m oncreate                  = true
      [32m+[0m[0m os_type                   = "ssd1"
      [32m+[0m[0m preprovision              = true
      [32m+[0m[0m reboot_required           = (known after apply)
      [32m+[0m[0m scsihw                    = "virtio-scsi-single"
      [32m+[0m[0m searchdomain              = (known after apply)
      [32m+[0m[0m sockets                   = 1
      [32m+[0m[0m ssh_host                  = (known after apply)
      [32m+[0m[0m ssh_port                  = (known after apply)
      [32m+[0m[0m sshkeys                   = "ssh-rsa AAAAB3NzaC1yc2EAAAADAQABAAABgQC0TusRvjwOklOpITB7Ulu+Ogz9lTbFVZiT4BtUnYMPoxoox4FpM6BA6AIYyiuEiFzo8lufK9gpzghBbLQji2FW0Yd+g7uoMFR6nIOfRcaIGKOj6tKQXbo0ZRle3nQF8L4/rLLnuwUSSULmIkavp0H2TZDi/rQDSq8vgdODdgMEi/FIlboNBh6GGIvVnsakQ3ah3UlsUulPoxT0DETJXB88J0dYK8UQuSZNpyu9HhoCwM+jlaItVIn/9HUULniijiSipCMAF2sG1sGvU4EChOc1dHc9IIcxNhoI2f7MqhvgfEmDwZOCiI6wfpo+oIQRlkC3EwE0yRcn5jnL5mVox9tqZRZOEnAaIih8drERw9xW3xSug9VtJhuJ6WYf/rQDsre9oXpNznzvzO5q9EZTdRw83LdVpT0ONW/3vQGQg9XEGcqmWWxAmDJBahI0mB3EKUTjJVN5vWM1t2QLtt5qgS+E6NjrJL/xA06rBKuMOTU66gSSJol8oZ10rs/6mxcCpgE= mark@Marks-MacBook-Pro.local"
      [32m+[0m[0m tablet                    = true
      [32m+[0m[0m target_node               = "pve"
      [32m+[0m[0m unused_disk               = (known after apply)
      [32m+[0m[0m vcpus                     = 0
      [32m+[0m[0m vlan                      = -1
      [32m+[0m[0m vmid                      = 211

      [32m+[0m[0m disk {
          [32m+[0m[0m backup             = true
          [32m+[0m[0m cache              = "none"
          [32m+[0m[0m discard            = "on"
          [32m+[0m[0m file               = (known after apply)
          [32m+[0m[0m format             = (known after apply)
          [32m+[0m[0m iops               = 0
          [32m+[0m[0m iops_max           = 0
          [32m+[0m[0m iops_max_length    = 0
          [32m+[0m[0m iops_rd            = 0
          [32m+[0m[0m iops_rd_max        = 0
          [32m+[0m[0m iops_rd_max_length = 0
          [32m+[0m[0m iops_wr            = 0
          [32m+[0m[0m iops_wr_max        = 0
          [32m+[0m[0m iops_wr_max_length = 0
          [32m+[0m[0m iothread           = 1
          [32m+[0m[0m mbps               = 0
          [32m+[0m[0m mbps_rd            = 0
          [32m+[0m[0m mbps_rd_max        = 0
          [32m+[0m[0m mbps_wr            = 0
          [32m+[0m[0m mbps_wr_max        = 0
          [32m+[0m[0m media              = (known after apply)
          [32m+[0m[0m replicate          = 0
          [32m+[0m[0m size               = "10G"
          [32m+[0m[0m slot               = 0
          [32m+[0m[0m ssd                = 0
          [32m+[0m[0m storage            = "ssd2"
          [32m+[0m[0m storage_type       = (known after apply)
          [32m+[0m[0m type               = "scsi"
          [32m+[0m[0m volume             = (known after apply)
        }

      [32m+[0m[0m network {
          [32m+[0m[0m bridge    = "vmbr0"
          [32m+[0m[0m firewall  = false
          [32m+[0m[0m link_down = false
          [32m+[0m[0m macaddr   = (known after apply)
          [32m+[0m[0m model     = "virtio"
          [32m+[0m[0m queues    = (known after apply)
          [32m+[0m[0m rate      = (known after apply)
          [32m+[0m[0m tag       = -1
        }
    }

[1m  # proxmox_vm_qemu.kube_node2[0][0m will be created
[0m  [32m+[0m[0m resource "proxmox_vm_qemu" "kube_node2" {
      [32m+[0m[0m additional_wait           = 5
      [32m+[0m[0m agent                     = 1
      [32m+[0m[0m automatic_reboot          = true
      [32m+[0m[0m balloon                   = 0
      [32m+[0m[0m bios                      = "seabios"
      [32m+[0m[0m boot                      = (known after apply)
      [32m+[0m[0m bootdisk                  = "scsi0"
      [32m+[0m[0m clone                     = "ubuntu-cloud-2"
      [32m+[0m[0m clone_wait                = 10
      [32m+[0m[0m cores                     = 4
      [32m+[0m[0m cpu                       = "host"
      [32m+[0m[0m default_ipv4_address      = (known after apply)
      [32m+[0m[0m define_connection_info    = true
      [32m+[0m[0m force_create              = false
      [32m+[0m[0m full_clone                = true
      [32m+[0m[0m guest_agent_ready_timeout = 100
      [32m+[0m[0m hotplug                   = "network,disk,usb"
      [32m+[0m[0m id                        = (known after apply)
      [32m+[0m[0m ipconfig0                 = "ip=192.168.12.222/16,gw=192.168.10.1"
      [32m+[0m[0m kvm                       = true
      [32m+[0m[0m memory                    = 4096
      [32m+[0m[0m name                      = "kube-node-2"
      [32m+[0m[0m nameserver                = (known after apply)
      [32m+[0m[0m onboot                    = false
      [32m+[0m[0m oncreate                  = true
      [32m+[0m[0m os_type                   = "cloud-init"
      [32m+[0m[0m preprovision              = true
      [32m+[0m[0m reboot_required           = (known after apply)
      [32m+[0m[0m scsihw                    = "virtio-scsi-single"
      [32m+[0m[0m searchdomain              = (known after apply)
      [32m+[0m[0m sockets                   = 1
      [32m+[0m[0m ssh_host                  = (known after apply)
      [32m+[0m[0m ssh_port                  = (known after apply)
      [32m+[0m[0m sshkeys                   = "ssh-rsa AAAAB3NzaC1yc2EAAAADAQABAAABgQC0TusRvjwOklOpITB7Ulu+Ogz9lTbFVZiT4BtUnYMPoxoox4FpM6BA6AIYyiuEiFzo8lufK9gpzghBbLQji2FW0Yd+g7uoMFR6nIOfRcaIGKOj6tKQXbo0ZRle3nQF8L4/rLLnuwUSSULmIkavp0H2TZDi/rQDSq8vgdODdgMEi/FIlboNBh6GGIvVnsakQ3ah3UlsUulPoxT0DETJXB88J0dYK8UQuSZNpyu9HhoCwM+jlaItVIn/9HUULniijiSipCMAF2sG1sGvU4EChOc1dHc9IIcxNhoI2f7MqhvgfEmDwZOCiI6wfpo+oIQRlkC3EwE0yRcn5jnL5mVox9tqZRZOEnAaIih8drERw9xW3xSug9VtJhuJ6WYf/rQDsre9oXpNznzvzO5q9EZTdRw83LdVpT0ONW/3vQGQg9XEGcqmWWxAmDJBahI0mB3EKUTjJVN5vWM1t2QLtt5qgS+E6NjrJL/xA06rBKuMOTU66gSSJol8oZ10rs/6mxcCpgE= mark@Marks-MacBook-Pro.local"
      [32m+[0m[0m tablet                    = true
      [32m+[0m[0m target_node               = "pve"
      [32m+[0m[0m unused_disk               = (known after apply)
      [32m+[0m[0m vcpus                     = 0
      [32m+[0m[0m vlan                      = -1
      [32m+[0m[0m vmid                      = 222

      [32m+[0m[0m disk {
          [32m+[0m[0m backup             = true
          [32m+[0m[0m cache              = "none"
          [32m+[0m[0m discard            = "on"
          [32m+[0m[0m file               = (known after apply)
          [32m+[0m[0m format             = (known after apply)
          [32m+[0m[0m iops               = 0
          [32m+[0m[0m iops_max           = 0
          [32m+[0m[0m iops_max_length    = 0
          [32m+[0m[0m iops_rd            = 0
          [32m+[0m[0m iops_rd_max        = 0
          [32m+[0m[0m iops_rd_max_length = 0
          [32m+[0m[0m iops_wr            = 0
          [32m+[0m[0m iops_wr_max        = 0
          [32m+[0m[0m iops_wr_max_length = 0
          [32m+[0m[0m iothread           = 1
          [32m+[0m[0m mbps               = 0
          [32m+[0m[0m mbps_rd            = 0
          [32m+[0m[0m mbps_rd_max        = 0
          [32m+[0m[0m mbps_wr            = 0
          [32m+[0m[0m mbps_wr_max        = 0
          [32m+[0m[0m media              = (known after apply)
          [32m+[0m[0m replicate          = 0
          [32m+[0m[0m size               = "10G"
          [32m+[0m[0m slot               = 0
          [32m+[0m[0m ssd                = 0
          [32m+[0m[0m storage            = "ssd2"
          [32m+[0m[0m storage_type       = (known after apply)
          [32m+[0m[0m type               = "scsi"
          [32m+[0m[0m volume             = (known after apply)
        }

      [32m+[0m[0m network {
          [32m+[0m[0m bridge    = "vmbr0"
          [32m+[0m[0m firewall  = false
          [32m+[0m[0m link_down = false
          [32m+[0m[0m macaddr   = (known after apply)
          [32m+[0m[0m model     = "virtio"
          [32m+[0m[0m queues    = (known after apply)
          [32m+[0m[0m rate      = (known after apply)
          [32m+[0m[0m tag       = -1
        }
    }

[1m  # proxmox_vm_qemu.kube_server[0m will be created
[0m  [32m+[0m[0m resource "proxmox_vm_qemu" "kube_server" {
      [32m+[0m[0m additional_wait           = 5
      [32m+[0m[0m agent                     = 1
      [32m+[0m[0m automatic_reboot          = true
      [32m+[0m[0m balloon                   = 1
      [32m+[0m[0m bios                      = "seabios"
      [32m+[0m[0m boot                      = (known after apply)
      [32m+[0m[0m bootdisk                  = "scsi0"
      [32m+[0m[0m clone                     = "ubuntu-cloud-0"
      [32m+[0m[0m clone_wait                = 10
      [32m+[0m[0m cores                     = 4
      [32m+[0m[0m cpu                       = "host"
      [32m+[0m[0m default_ipv4_address      = (known after apply)
      [32m+[0m[0m define_connection_info    = true
      [32m+[0m[0m force_create              = false
      [32m+[0m[0m full_clone                = true
      [32m+[0m[0m guest_agent_ready_timeout = 100
      [32m+[0m[0m hotplug                   = "network,disk,usb"
      [32m+[0m[0m id                        = (known after apply)
      [32m+[0m[0m ipconfig0                 = "ip=192.168.12.20/16,gw=192.168.10.1"
      [32m+[0m[0m kvm                       = true
      [32m+[0m[0m memory                    = 4096
      [32m+[0m[0m name                      = "kube-server"
      [32m+[0m[0m nameserver                = (known after apply)
      [32m+[0m[0m onboot                    = false
      [32m+[0m[0m oncreate                  = true
      [32m+[0m[0m os_type                   = "cloud-init"
      [32m+[0m[0m preprovision              = true
      [32m+[0m[0m reboot_required           = (known after apply)
      [32m+[0m[0m scsihw                    = "virtio-scsi-single"
      [32m+[0m[0m searchdomain              = (known after apply)
      [32m+[0m[0m sockets                   = 1
      [32m+[0m[0m ssh_host                  = (known after apply)
      [32m+[0m[0m ssh_port                  = (known after apply)
      [32m+[0m[0m sshkeys                   = "ssh-rsa AAAAB3NzaC1yc2EAAAADAQABAAABgQC0TusRvjwOklOpITB7Ulu+Ogz9lTbFVZiT4BtUnYMPoxoox4FpM6BA6AIYyiuEiFzo8lufK9gpzghBbLQji2FW0Yd+g7uoMFR6nIOfRcaIGKOj6tKQXbo0ZRle3nQF8L4/rLLnuwUSSULmIkavp0H2TZDi/rQDSq8vgdODdgMEi/FIlboNBh6GGIvVnsakQ3ah3UlsUulPoxT0DETJXB88J0dYK8UQuSZNpyu9HhoCwM+jlaItVIn/9HUULniijiSipCMAF2sG1sGvU4EChOc1dHc9IIcxNhoI2f7MqhvgfEmDwZOCiI6wfpo+oIQRlkC3EwE0yRcn5jnL5mVox9tqZRZOEnAaIih8drERw9xW3xSug9VtJhuJ6WYf/rQDsre9oXpNznzvzO5q9EZTdRw83LdVpT0ONW/3vQGQg9XEGcqmWWxAmDJBahI0mB3EKUTjJVN5vWM1t2QLtt5qgS+E6NjrJL/xA06rBKuMOTU66gSSJol8oZ10rs/6mxcCpgE= mark@Marks-MacBook-Pro.local"
      [32m+[0m[0m tablet                    = true
      [32m+[0m[0m target_node               = "pve"
      [32m+[0m[0m unused_disk               = (known after apply)
      [32m+[0m[0m vcpus                     = 0
      [32m+[0m[0m vlan                      = -1
      [32m+[0m[0m vmid                      = 2020

      [32m+[0m[0m disk {
          [32m+[0m[0m backup             = true
          [32m+[0m[0m cache              = "none"
          [32m+[0m[0m discard            = "on"
          [32m+[0m[0m file               = (known after apply)
          [32m+[0m[0m format             = (known after apply)
          [32m+[0m[0m iops               = 0
          [32m+[0m[0m iops_max           = 0
          [32m+[0m[0m iops_max_length    = 0
          [32m+[0m[0m iops_rd            = 0
          [32m+[0m[0m iops_rd_max        = 0
          [32m+[0m[0m iops_rd_max_length = 0
          [32m+[0m[0m iops_wr            = 0
          [32m+[0m[0m iops_wr_max        = 0
          [32m+[0m[0m iops_wr_max_length = 0
          [32m+[0m[0m iothread           = 1
          [32m+[0m[0m mbps               = 0
          [32m+[0m[0m mbps_rd            = 0
          [32m+[0m[0m mbps_rd_max        = 0
          [32m+[0m[0m mbps_wr            = 0
          [32m+[0m[0m mbps_wr_max        = 0
          [32m+[0m[0m media              = (known after apply)
          [32m+[0m[0m replicate          = 0
          [32m+[0m[0m size               = "10G"
          [32m+[0m[0m slot               = 0
          [32m+[0m[0m ssd                = 0
          [32m+[0m[0m storage            = "local-lvm"
          [32m+[0m[0m storage_type       = (known after apply)
          [32m+[0m[0m type               = "scsi"
          [32m+[0m[0m volume             = (known after apply)
        }

      [32m+[0m[0m network {
          [32m+[0m[0m bridge    = "vmbr0"
          [32m+[0m[0m firewall  = false
          [32m+[0m[0m link_down = false
          [32m+[0m[0m macaddr   = (known after apply)
          [32m+[0m[0m model     = "virtio"
          [32m+[0m[0m queues    = (known after apply)
          [32m+[0m[0m rate      = (known after apply)
          [32m+[0m[0m tag       = -1
        }
    }

[1mPlan:[0m 3 to add, 0 to change, 0 to destroy.
[0m[0m[1mproxmox_vm_qemu.kube_node1[0]: Creating...[0m[0m
[0m[1mproxmox_vm_qemu.kube_server: Creating...[0m[0m
[0m[1mproxmox_vm_qemu.kube_node2[0]: Creating...[0m[0m
[0m[1mproxmox_vm_qemu.kube_node2[0]: Still creating... [10s elapsed][0m[0m
[0m[1mproxmox_vm_qemu.kube_server: Still creating... [10s elapsed][0m[0m
[0m[1mproxmox_vm_qemu.kube_node1[0]: Still creating... [10s elapsed][0m[0m
[0m[1mproxmox_vm_qemu.kube_node2[0]: Still creating... [20s elapsed][0m[0m
[0m[1mproxmox_vm_qemu.kube_node1[0]: Still creating... [20s elapsed][0m[0m
[0m[1mproxmox_vm_qemu.kube_server: Still creating... [20s elapsed][0m[0m
[0m[1mproxmox_vm_qemu.kube_server: Still creating... [30s elapsed][0m[0m
[0m[1mproxmox_vm_qemu.kube_node2[0]: Still creating... [30s elapsed][0m[0m
[0m[1mproxmox_vm_qemu.kube_node1[0]: Still creating... [30s elapsed][0m[0m
[0m[1mproxmox_vm_qemu.kube_node1[0]: Still creating... [40s elapsed][0m[0m
[0m[1mproxmox_vm_qemu.kube_server: Still creating... [40s elapsed][0m[0m
[0m[1mproxmox_vm_qemu.kube_node2[0]: Still creating... [40s elapsed][0m[0m
[0m[1mproxmox_vm_qemu.kube_server: Still creating... [50s elapsed][0m[0m
[0m[1mproxmox_vm_qemu.kube_node2[0]: Still creating... [50s elapsed][0m[0m
[0m[1mproxmox_vm_qemu.kube_node1[0]: Still creating... [50s elapsed][0m[0m
[0m[1mproxmox_vm_qemu.kube_server: Still creating... [1m0s elapsed][0m[0m
[0m[1mproxmox_vm_qemu.kube_node2[0]: Still creating... [1m0s elapsed][0m[0m
[0m[1mproxmox_vm_qemu.kube_node1[0]: Still creating... [1m0s elapsed][0m[0m
[0m[1mproxmox_vm_qemu.kube_node2[0]: Creation complete after 1m7s [id=pve/qemu/222][0m
[0m[1mproxmox_vm_qemu.kube_server: Still creating... [1m10s elapsed][0m[0m
[0m[1mproxmox_vm_qemu.kube_node1[0]: Still creating... [1m10s elapsed][0m[0m
[0m[1mproxmox_vm_qemu.kube_node1[0]: Creation complete after 1m13s [id=pve/qemu/211][0m
[0m[1mproxmox_vm_qemu.kube_server: Still creating... [1m20s elapsed][0m[0m
[0m[1mproxmox_vm_qemu.kube_server: Still creating... [1m30s elapsed][0m[0m
[0m[1mproxmox_vm_qemu.kube_server: Still creating... [1m40s elapsed][0m[0m
[0m[1mproxmox_vm_qemu.kube_server: Still creating... [1m50s elapsed][0m[0m
[0m[1mproxmox_vm_qemu.kube_server: Still creating... [2m0s elapsed][0m[0m
[0m[1mproxmox_vm_qemu.kube_server: Still creating... [2m10s elapsed][0m[0m
[0m[1mproxmox_vm_qemu.kube_server: Still creating... [2m20s elapsed][0m[0m
[0m[1mproxmox_vm_qemu.kube_server: Still creating... [2m30s elapsed][0m[0m
[0m[1mproxmox_vm_qemu.kube_server: Still creating... [2m40s elapsed][0m[0m
[0m[1mproxmox_vm_qemu.kube_server: Still creating... [2m50s elapsed][0m[0m
[0m[1mproxmox_vm_qemu.kube_server: Still creating... [3m0s elapsed][0m[0m
[0m[1mproxmox_vm_qemu.kube_server: Still creating... [3m10s elapsed][0m[0m
[0m[1mproxmox_vm_qemu.kube_server: Still creating... [3m20s elapsed][0m[0m
[0m[1mproxmox_vm_qemu.kube_server: Still creating... [3m30s elapsed][0m[0m
[0m[1mproxmox_vm_qemu.kube_server: Still creating... [3m40s elapsed][0m[0m
[0m[1mproxmox_vm_qemu.kube_server: Still creating... [3m50s elapsed][0m[0m
[0m[1mproxmox_vm_qemu.kube_server: Still creating... [4m0s elapsed][0m[0m
[0m[1mproxmox_vm_qemu.kube_server: Still creating... [4m10s elapsed][0m[0m
[0m[1mproxmox_vm_qemu.kube_server: Still creating... [4m20s elapsed][0m[0m
[0m[1mproxmox_vm_qemu.kube_server: Still creating... [4m30s elapsed][0m[0m
[0m[1mproxmox_vm_qemu.kube_server: Still creating... [4m40s elapsed][0m[0m
[0m[1mproxmox_vm_qemu.kube_server: Still creating... [4m50s elapsed][0m[0m
[0m[1mproxmox_vm_qemu.kube_server: Still creating... [5m0s elapsed][0m[0m
[0m[1mproxmox_vm_qemu.kube_server: Still creating... [5m10s elapsed][0m[0m
[0m[1mproxmox_vm_qemu.kube_server: Still creating... [5m20s elapsed][0m[0m
[0m[1mproxmox_vm_qemu.kube_server: Still creating... [5m30s elapsed][0m[0m
[0m[1mproxmox_vm_qemu.kube_server: Still creating... [5m40s elapsed][0m[0m
[0m[1mproxmox_vm_qemu.kube_server: Still creating... [5m50s elapsed][0m[0m
[0m[1mproxmox_vm_qemu.kube_server: Still creating... [6m0s elapsed][0m[0m
[0m[1mproxmox_vm_qemu.kube_server: Still creating... [6m10s elapsed][0m[0m
[0m[1mproxmox_vm_qemu.kube_server: Still creating... [6m20s elapsed][0m[0m
[0m[1mproxmox_vm_qemu.kube_server: Still creating... [6m30s elapsed][0m[0m
[0m[1mproxmox_vm_qemu.kube_server: Still creating... [6m40s elapsed][0m[0m
[0m[1mproxmox_vm_qemu.kube_server: Still creating... [6m50s elapsed][0m[0m
[0m[1mproxmox_vm_qemu.kube_server: Still creating... [7m0s elapsed][0m[0m
[0m[1mproxmox_vm_qemu.kube_server: Still creating... [7m10s elapsed][0m[0m
[0m[1mproxmox_vm_qemu.kube_server: Still creating... [7m20s elapsed][0m[0m
[0m[1mproxmox_vm_qemu.kube_server: Still creating... [7m30s elapsed][0m[0m
[0m[1mproxmox_vm_qemu.kube_server: Still creating... [7m40s elapsed][0m[0m
[0m[1mproxmox_vm_qemu.kube_server: Still creating... [7m50s elapsed][0m[0m
[0m[1mproxmox_vm_qemu.kube_server: Still creating... [8m0s elapsed][0m[0m
[0m[1mproxmox_vm_qemu.kube_server: Still creating... [8m10s elapsed][0m[0m
[0m[1mproxmox_vm_qemu.kube_server: Still creating... [8m20s elapsed][0m[0m
[0m[1mproxmox_vm_qemu.kube_server: Still creating... [8m30s elapsed][0m[0m
[0m[1mproxmox_vm_qemu.kube_server: Still creating... [8m40s elapsed][0m[0m
[0m[1mproxmox_vm_qemu.kube_server: Still creating... [8m50s elapsed][0m[0m
[0m[1mproxmox_vm_qemu.kube_server: Still creating... [9m0s elapsed][0m[0m
[0m[1mproxmox_vm_qemu.kube_server: Still creating... [9m10s elapsed][0m[0m
[0m[1mproxmox_vm_qemu.kube_server: Still creating... [9m20s elapsed][0m[0m
[0m[1mproxmox_vm_qemu.kube_server: Still creating... [9m30s elapsed][0m[0m
[0m[1mproxmox_vm_qemu.kube_server: Still creating... [9m40s elapsed][0m[0m
[0m[1mproxmox_vm_qemu.kube_server: Still creating... [9m50s elapsed][0m[0m
[0m[1mproxmox_vm_qemu.kube_server: Still creating... [10m0s elapsed][0m[0m
[0m[1mproxmox_vm_qemu.kube_server: Still creating... [10m10s elapsed][0m[0m
[0m[1mproxmox_vm_qemu.kube_server: Still creating... [10m20s elapsed][0m[0m
[0m[1mproxmox_vm_qemu.kube_server: Still creating... [10m30s elapsed][0m[0m
Stopping operation...

Interrupt received.
Please wait for Terraform to exit or data loss may occur.
Gracefully shutting down...

